
Microsoft Visual Studio Solution File, Format Version 12.00
# Visual Studio Version 16
VisualStudioVersion = 16.0.30011.22
MinimumVisualStudioVersion = 10.0.40219.1
Project("{FAE04EC0-301F-11D3-BF4B-00C04F79EFBC}") = "YouTubeCloneCommentsAPI", "YouTubeCloneCommentsAPI\YouTubeCloneCommentsAPI.csproj", "{74C399B6-0632-4A34-AFAE-49B3E242C4D7}"
EndProject
Global
	GlobalSection(SolutionConfigurationPlatforms) = preSolution
		Debug|Any CPU = Debug|Any CPU
		Release|Any CPU = Release|Any CPU
	EndGlobalSection
	GlobalSection(ProjectConfigurationPlatforms) = postSolution
		{74C399B6-0632-4A34-AFAE-49B3E242C4D7}.Debug|Any CPU.ActiveCfg = Debug|Any CPU
		{74C399B6-0632-4A34-AFAE-49B3E242C4D7}.Debug|Any CPU.Build.0 = Debug|Any CPU
		{74C399B6-0632-4A34-AFAE-49B3E242C4D7}.Release|Any CPU.ActiveCfg = Release|Any CPU
		{74C399B6-0632-4A34-AFAE-49B3E242C4D7}.Release|Any CPU.Build.0 = Release|Any CPU
	EndGlobalSection
	GlobalSection(SolutionProperties) = preSolution
		HideSolutionNode = FALSE
	EndGlobalSection
	GlobalSection(ExtensibilityGlobals) = postSolution
		SolutionGuid = {95E291A4-AC94-40CC-8F04-A0ACD688C609}
	EndGlobalSection
EndGlobal
